
Microsoft Visual Studio Solution File, Format Version 12.00
# Visual Studio 15
VisualStudioVersion = 15.0.28307.168
MinimumVisualStudioVersion = 10.0.40219.1
Project("{F2A71F9B-5D33-465A-A702-920D77279786}") = "FSharpProject", "FSharpProject\FSharpProject.fsproj", "{05B44981-4556-45D5-AD35-6481722A5C9C}"
EndProject
Global
	GlobalSection(SolutionConfigurationPlatforms) = preSolution
		Debug|Any CPU = Debug|Any CPU
		Release|Any CPU = Release|Any CPU
	EndGlobalSection
	GlobalSection(ProjectConfigurationPlatforms) = postSolution
		{05B44981-4556-45D5-AD35-6481722A5C9C}.Debug|Any CPU.ActiveCfg = Debug|Any CPU
		{05B44981-4556-45D5-AD35-6481722A5C9C}.Debug|Any CPU.Build.0 = Debug|Any CPU
		{05B44981-4556-45D5-AD35-6481722A5C9C}.Release|Any CPU.ActiveCfg = Release|Any CPU
		{05B44981-4556-45D5-AD35-6481722A5C9C}.Release|Any CPU.Build.0 = Release|Any CPU
	EndGlobalSection
	GlobalSection(SolutionProperties) = preSolution
		HideSolutionNode = FALSE
	EndGlobalSection
	GlobalSection(ExtensibilityGlobals) = postSolution
		SolutionGuid = {AA705DFA-F465-488C-91CD-FB4D04F8079F}
	EndGlobalSection
EndGlobal
