
Microsoft Visual Studio Solution File, Format Version 12.00
# Visual Studio Version 16
VisualStudioVersion = 16.0.29123.88
MinimumVisualStudioVersion = 10.0.40219.1
Project("{FAE04EC0-301F-11D3-BF4B-00C04F79EFBC}") = "Lajtz.Android", "Lajtz\Lajtz.Android\Lajtz.Android.csproj", "{7ED7EE70-264C-4928-B899-925CDBA48C8E}"
EndProject
Project("{FAE04EC0-301F-11D3-BF4B-00C04F79EFBC}") = "Lajtz.iOS", "Lajtz\Lajtz.iOS\Lajtz.iOS.csproj", "{D02849D1-A129-4DB2-9987-704C7AB142A6}"
EndProject
Project("{FAE04EC0-301F-11D3-BF4B-00C04F79EFBC}") = "Lajtz.MobileAppService", "Lajtz\Lajtz.MobileAppService\Lajtz.MobileAppService.csproj", "{DF88B153-D7BD-4A24-8089-846353398349}"
EndProject
Project("{FAE04EC0-301F-11D3-BF4B-00C04F79EFBC}") = "Lajtz", "Lajtz\Lajtz\Lajtz.csproj", "{136DC3A6-A69F-4A63-AEBC-7E061E4F5729}"
EndProject
Global
	GlobalSection(SolutionConfigurationPlatforms) = preSolution
		Debug|Any CPU = Debug|Any CPU
		Debug|iPhone = Debug|iPhone
		Debug|iPhoneSimulator = Debug|iPhoneSimulator
		Release|Any CPU = Release|Any CPU
		Release|iPhone = Release|iPhone
		Release|iPhoneSimulator = Release|iPhoneSimulator
	EndGlobalSection
	GlobalSection(ProjectConfigurationPlatforms) = postSolution
		{7ED7EE70-264C-4928-B899-925CDBA48C8E}.Debug|Any CPU.ActiveCfg = Debug|Any CPU
		{7ED7EE70-264C-4928-B899-925CDBA48C8E}.Debug|Any CPU.Build.0 = Debug|Any CPU
		{7ED7EE70-264C-4928-B899-925CDBA48C8E}.Debug|Any CPU.Deploy.0 = Debug|Any CPU
		{7ED7EE70-264C-4928-B899-925CDBA48C8E}.Debug|iPhone.ActiveCfg = Debug|Any CPU
		{7ED7EE70-264C-4928-B899-925CDBA48C8E}.Debug|iPhone.Build.0 = Debug|Any CPU
		{7ED7EE70-264C-4928-B899-925CDBA48C8E}.Debug|iPhone.Deploy.0 = Debug|Any CPU
		{7ED7EE70-264C-4928-B899-925CDBA48C8E}.Debug|iPhoneSimulator.ActiveCfg = Debug|Any CPU
		{7ED7EE70-264C-4928-B899-925CDBA48C8E}.Debug|iPhoneSimulator.Build.0 = Debug|Any CPU
		{7ED7EE70-264C-4928-B899-925CDBA48C8E}.Debug|iPhoneSimulator.Deploy.0 = Debug|Any CPU
		{7ED7EE70-264C-4928-B899-925CDBA48C8E}.Release|Any CPU.ActiveCfg = Release|Any CPU
		{7ED7EE70-264C-4928-B899-925CDBA48C8E}.Release|Any CPU.Build.0 = Release|Any CPU
		{7ED7EE70-264C-4928-B899-925CDBA48C8E}.Release|Any CPU.Deploy.0 = Release|Any CPU
		{7ED7EE70-264C-4928-B899-925CDBA48C8E}.Release|iPhone.ActiveCfg = Release|Any CPU
		{7ED7EE70-264C-4928-B899-925CDBA48C8E}.Release|iPhone.Build.0 = Release|Any CPU
		{7ED7EE70-264C-4928-B899-925CDBA48C8E}.Release|iPhone.Deploy.0 = Release|Any CPU
		{7ED7EE70-264C-4928-B899-925CDBA48C8E}.Release|iPhoneSimulator.ActiveCfg = Release|Any CPU
		{7ED7EE70-264C-4928-B899-925CDBA48C8E}.Release|iPhoneSimulator.Build.0 = Release|Any CPU
		{7ED7EE70-264C-4928-B899-925CDBA48C8E}.Release|iPhoneSimulator.Deploy.0 = Release|Any CPU
		{D02849D1-A129-4DB2-9987-704C7AB142A6}.Debug|Any CPU.ActiveCfg = Debug|iPhoneSimulator
		{D02849D1-A129-4DB2-9987-704C7AB142A6}.Debug|Any CPU.Build.0 = Debug|iPhoneSimulator
		{D02849D1-A129-4DB2-9987-704C7AB142A6}.Debug|Any CPU.Deploy.0 = Debug|iPhoneSimulator
		{D02849D1-A129-4DB2-9987-704C7AB142A6}.Debug|iPhone.ActiveCfg = Debug|iPhone
		{D02849D1-A129-4DB2-9987-704C7AB142A6}.Debug|iPhone.Build.0 = Debug|iPhone
		{D02849D1-A129-4DB2-9987-704C7AB142A6}.Debug|iPhone.Deploy.0 = Debug|iPhone
		{D02849D1-A129-4DB2-9987-704C7AB142A6}.Debug|iPhoneSimulator.ActiveCfg = Debug|iPhoneSimulator
		{D02849D1-A129-4DB2-9987-704C7AB142A6}.Debug|iPhoneSimulator.Build.0 = Debug|iPhoneSimulator
		{D02849D1-A129-4DB2-9987-704C7AB142A6}.Debug|iPhoneSimulator.Deploy.0 = Debug|iPhoneSimulator
		{D02849D1-A129-4DB2-9987-704C7AB142A6}.Release|Any CPU.ActiveCfg = Release|iPhone
		{D02849D1-A129-4DB2-9987-704C7AB142A6}.Release|Any CPU.Build.0 = Release|iPhone
		{D02849D1-A129-4DB2-9987-704C7AB142A6}.Release|Any CPU.Deploy.0 = Release|iPhone
		{D02849D1-A129-4DB2-9987-704C7AB142A6}.Release|iPhone.ActiveCfg = Release|iPhone
		{D02849D1-A129-4DB2-9987-704C7AB142A6}.Release|iPhone.Build.0 = Release|iPhone
		{D02849D1-A129-4DB2-9987-704C7AB142A6}.Release|iPhone.Deploy.0 = Release|iPhone
		{D02849D1-A129-4DB2-9987-704C7AB142A6}.Release|iPhoneSimulator.ActiveCfg = Release|iPhoneSimulator
		{D02849D1-A129-4DB2-9987-704C7AB142A6}.Release|iPhoneSimulator.Build.0 = Release|iPhoneSimulator
		{D02849D1-A129-4DB2-9987-704C7AB142A6}.Release|iPhoneSimulator.Deploy.0 = Release|iPhoneSimulator
		{DF88B153-D7BD-4A24-8089-846353398349}.Debug|Any CPU.ActiveCfg = Debug|Any CPU
		{DF88B153-D7BD-4A24-8089-846353398349}.Debug|Any CPU.Build.0 = Debug|Any CPU
		{DF88B153-D7BD-4A24-8089-846353398349}.Debug|Any CPU.Deploy.0 = Debug|Any CPU
		{DF88B153-D7BD-4A24-8089-846353398349}.Debug|iPhone.ActiveCfg = Debug|Any CPU
		{DF88B153-D7BD-4A24-8089-846353398349}.Debug|iPhone.Build.0 = Debug|Any CPU
		{DF88B153-D7BD-4A24-8089-846353398349}.Debug|iPhone.Deploy.0 = Debug|Any CPU
		{DF88B153-D7BD-4A24-8089-846353398349}.Debug|iPhoneSimulator.ActiveCfg = Debug|Any CPU
		{DF88B153-D7BD-4A24-8089-846353398349}.Debug|iPhoneSimulator.Build.0 = Debug|Any CPU
		{DF88B153-D7BD-4A24-8089-846353398349}.Debug|iPhoneSimulator.Deploy.0 = Debug|Any CPU
		{DF88B153-D7BD-4A24-8089-846353398349}.Release|Any CPU.ActiveCfg = Release|Any CPU
		{DF88B153-D7BD-4A24-8089-846353398349}.Release|Any CPU.Build.0 = Release|Any CPU
		{DF88B153-D7BD-4A24-8089-846353398349}.Release|Any CPU.Deploy.0 = Release|Any CPU
		{DF88B153-D7BD-4A24-8089-846353398349}.Release|iPhone.ActiveCfg = Release|Any CPU
		{DF88B153-D7BD-4A24-8089-846353398349}.Release|iPhone.Build.0 = Release|Any CPU
		{DF88B153-D7BD-4A24-8089-846353398349}.Release|iPhone.Deploy.0 = Release|Any CPU
		{DF88B153-D7BD-4A24-8089-846353398349}.Release|iPhoneSimulator.ActiveCfg = Release|Any CPU
		{DF88B153-D7BD-4A24-8089-846353398349}.Release|iPhoneSimulator.Build.0 = Release|Any CPU
		{DF88B153-D7BD-4A24-8089-846353398349}.Release|iPhoneSimulator.Deploy.0 = Release|Any CPU
		{136DC3A6-A69F-4A63-AEBC-7E061E4F5729}.Debug|Any CPU.ActiveCfg = Debug|Any CPU
		{136DC3A6-A69F-4A63-AEBC-7E061E4F5729}.Debug|Any CPU.Build.0 = Debug|Any CPU
		{136DC3A6-A69F-4A63-AEBC-7E061E4F5729}.Debug|Any CPU.Deploy.0 = Debug|Any CPU
		{136DC3A6-A69F-4A63-AEBC-7E061E4F5729}.Debug|iPhone.ActiveCfg = Debug|Any CPU
		{136DC3A6-A69F-4A63-AEBC-7E061E4F5729}.Debug|iPhone.Build.0 = Debug|Any CPU
		{136DC3A6-A69F-4A63-AEBC-7E061E4F5729}.Debug|iPhone.Deploy.0 = Debug|Any CPU
		{136DC3A6-A69F-4A63-AEBC-7E061E4F5729}.Debug|iPhoneSimulator.ActiveCfg = Debug|Any CPU
		{136DC3A6-A69F-4A63-AEBC-7E061E4F5729}.Debug|iPhoneSimulator.Build.0 = Debug|Any CPU
		{136DC3A6-A69F-4A63-AEBC-7E061E4F5729}.Debug|iPhoneSimulator.Deploy.0 = Debug|Any CPU
		{136DC3A6-A69F-4A63-AEBC-7E061E4F5729}.Release|Any CPU.ActiveCfg = Release|Any CPU
		{136DC3A6-A69F-4A63-AEBC-7E061E4F5729}.Release|Any CPU.Build.0 = Release|Any CPU
		{136DC3A6-A69F-4A63-AEBC-7E061E4F5729}.Release|Any CPU.Deploy.0 = Release|Any CPU
		{136DC3A6-A69F-4A63-AEBC-7E061E4F5729}.Release|iPhone.ActiveCfg = Release|Any CPU
		{136DC3A6-A69F-4A63-AEBC-7E061E4F5729}.Release|iPhone.Build.0 = Release|Any CPU
		{136DC3A6-A69F-4A63-AEBC-7E061E4F5729}.Release|iPhone.Deploy.0 = Release|Any CPU
		{136DC3A6-A69F-4A63-AEBC-7E061E4F5729}.Release|iPhoneSimulator.ActiveCfg = Release|Any CPU
		{136DC3A6-A69F-4A63-AEBC-7E061E4F5729}.Release|iPhoneSimulator.Build.0 = Release|Any CPU
		{136DC3A6-A69F-4A63-AEBC-7E061E4F5729}.Release|iPhoneSimulator.Deploy.0 = Release|Any CPU
	EndGlobalSection
	GlobalSection(SolutionProperties) = preSolution
		HideSolutionNode = FALSE
	EndGlobalSection
	GlobalSection(ExtensibilityGlobals) = postSolution
		SolutionGuid = {1115FFD4-8F64-46CA-B09C-7E4C79B9F5BC}
	EndGlobalSection
EndGlobal
